// !$*UTF8*$!
{
	archiveVersion = 1;
	classes = {
	};
	objectVersion = 46;
	objects = {

/* Begin PBXBuildFile section */
		6C0271C867302764B02A2467 /* AppDelegate.swift in Sources */ = {isa = PBXBuildFile; fileRef = 6C0270D7633787558E0EBCE6 /* AppDelegate.swift */; };
		6C02783771A49B678702EDC6 /* Main.storyboard in Resources */ = {isa = PBXBuildFile; fileRef = 6C02736A328CD304F2AC5546 /* Main.storyboard */; };
		6C027855ED86577D6D6E1B67 /* Assets.xcassets in Resources */ = {isa = PBXBuildFile; fileRef = 6C0270F0F1B4C756AF84FB1C /* Assets.xcassets */; };
		6C027BE2D5E6139087439306 /* RefreshTableViewController.swift in Sources */ = {isa = PBXBuildFile; fileRef = 6C02761E5A2ADF975BA09C94 /* RefreshTableViewController.swift */; };
		6C027CD2C839E8C288F78FB7 /* LaunchScreen.storyboard in Resources */ = {isa = PBXBuildFile; fileRef = 6C02770F0A221859CAE0DC0C /* LaunchScreen.storyboard */; };
/* End PBXBuildFile section */

/* Begin PBXFileReference section */
		6C0270D7633787558E0EBCE6 /* AppDelegate.swift */ = {isa = PBXFileReference; lastKnownFileType = sourcecode.swift; path = AppDelegate.swift; sourceTree = "<group>"; };
		6C0270F0F1B4C756AF84FB1C /* Assets.xcassets */ = {isa = PBXFileReference; lastKnownFileType = folder.assetcatalog; path = Assets.xcassets; sourceTree = "<group>"; };
		6C0274758F678DCC1D472F24 /* Base */ = {isa = PBXFileReference; lastKnownFileType = file.storyboard; name = Base; path = Base.lproj/Main.storyboard; sourceTree = "<group>"; };
		6C02761E5A2ADF975BA09C94 /* RefreshTableViewController.swift */ = {isa = PBXFileReference; fileEncoding = 4; lastKnownFileType = sourcecode.swift; path = RefreshTableViewController.swift; sourceTree = "<group>"; };
		6C027D8C004A108EB3FED16C /* Base */ = {isa = PBXFileReference; lastKnownFileType = file.storyboard; name = Base; path = Base.lproj/LaunchScreen.storyboard; sourceTree = "<group>"; };
		6C027EC04D2EACF79FEE8DD8 /* ProjectRefreshTableView.app */ = {isa = PBXFileReference; explicitFileType = wrapper.application; includeInIndex = 0; path = ProjectRefreshTableView.app; sourceTree = BUILT_PRODUCTS_DIR; };
		6C027EE1552A61D0FFB033B1 /* Info.plist */ = {isa = PBXFileReference; lastKnownFileType = text.plist.info; path = Info.plist; sourceTree = "<group>"; };
/* End PBXFileReference section */

/* Begin PBXFrameworksBuildPhase section */
		6C027FEB0189D99BE4D97F1C /* Frameworks */ = {
			isa = PBXFrameworksBuildPhase;
			buildActionMask = 2147483647;
			files = (
			);
			runOnlyForDeploymentPostprocessing = 0;
		};
/* End PBXFrameworksBuildPhase section */

/* Begin PBXGroup section */
		6C02710A29BBCA3CF5EEF05D /* ProjectRefreshTableView */ = {
			isa = PBXGroup;
			children = (
				6C027EE1552A61D0FFB033B1 /* Info.plist */,
				6C0270F0F1B4C756AF84FB1C /* Assets.xcassets */,
				6C02770F0A221859CAE0DC0C /* LaunchScreen.storyboard */,
				6C0270D7633787558E0EBCE6 /* AppDelegate.swift */,
				6C02736A328CD304F2AC5546 /* Main.storyboard */,
				6C02761E5A2ADF975BA09C94 /* RefreshTableViewController.swift */,
			);
			path = ProjectRefreshTableView;
			sourceTree = "<group>";
		};
		6C02754210BFBD8D0A416A32 /* Products */ = {
			isa = PBXGroup;
			children = (
				6C027EC04D2EACF79FEE8DD8 /* ProjectRefreshTableView.app */,
			);
			name = Products;
			sourceTree = "<group>";
		};
		6C02754D9523987BFBAF9408 = {
			isa = PBXGroup;
			children = (
				6C02754210BFBD8D0A416A32 /* Products */,
				6C02710A29BBCA3CF5EEF05D /* ProjectRefreshTableView */,
			);
			sourceTree = "<group>";
		};
/* End PBXGroup section */

/* Begin PBXNativeTarget section */
		6C0270FD1DEA5D82E9DB16B3 /* ProjectRefreshTableView */ = {
			isa = PBXNativeTarget;
			buildConfigurationList = 6C02784D4CBB4011BFD72892 /* Build configuration list for PBXNativeTarget "ProjectRefreshTableView" */;
			buildPhases = (
				6C027728518C48482618C5F0 /* Sources */,
				6C027FEB0189D99BE4D97F1C /* Frameworks */,
				6C027427F652654A8E1478A9 /* Resources */,
			);
			buildRules = (
			);
			dependencies = (
			);
			name = ProjectRefreshTableView;
			productName = ProjectRefreshTableView;
			productReference = 6C027EC04D2EACF79FEE8DD8 /* ProjectRefreshTableView.app */;
			productType = "com.apple.product-type.application";
		};
/* End PBXNativeTarget section */

/* Begin PBXProject section */
		6C02758E1D122216904B5027 /* Project object */ = {
			isa = PBXProject;
			attributes = {
				ORGANIZATIONNAME = Liuqingwen;
			};
			buildConfigurationList = 6C0274AB588E90C63B0E0D4E /* Build configuration list for PBXProject "ProjectRefreshTableView" */;
			compatibilityVersion = "Xcode 3.2";
			developmentRegion = English;
			hasScannedForEncodings = 0;
			knownRegions = (
				en,
			);
			mainGroup = 6C02754D9523987BFBAF9408;
			productRefGroup = 6C02754210BFBD8D0A416A32 /* Products */;
			projectDirPath = "";
			projectRoot = "";
			targets = (
				6C0270FD1DEA5D82E9DB16B3 /* ProjectRefreshTableView */,
			);
		};
/* End PBXProject section */

/* Begin PBXResourcesBuildPhase section */
		6C027427F652654A8E1478A9 /* Resources */ = {
			isa = PBXResourcesBuildPhase;
			buildActionMask = 2147483647;
			files = (
				6C027855ED86577D6D6E1B67 /* Assets.xcassets in Resources */,
				6C027CD2C839E8C288F78FB7 /* LaunchScreen.storyboard in Resources */,
				6C02783771A49B678702EDC6 /* Main.storyboard in Resources */,
			);
			runOnlyForDeploymentPostprocessing = 0;
		};
/* End PBXResourcesBuildPhase section */

/* Begin PBXSourcesBuildPhase section */
		6C027728518C48482618C5F0 /* Sources */ = {
			isa = PBXSourcesBuildPhase;
			buildActionMask = 2147483647;
			files = (
				6C0271C867302764B02A2467 /* AppDelegate.swift in Sources */,
				6C027BE2D5E6139087439306 /* RefreshTableViewController.swift in Sources */,
			);
			runOnlyForDeploymentPostprocessing = 0;
		};
/* End PBXSourcesBuildPhase section */

/* Begin PBXVariantGroup section */
		6C02736A328CD304F2AC5546 /* Main.storyboard */ = {
			isa = PBXVariantGroup;
			children = (
				6C0274758F678DCC1D472F24 /* Base */,
			);
			name = Main.storyboard;
			sourceTree = "<group>";
		};
		6C02770F0A221859CAE0DC0C /* LaunchScreen.storyboard */ = {
			isa = PBXVariantGroup;
			children = (
				6C027D8C004A108EB3FED16C /* Base */,
			);
			name = LaunchScreen.storyboard;
			sourceTree = "<group>";
		};
/* End PBXVariantGroup section */

/* Begin XCBuildConfiguration section */
		6C02739D35C76E65B4AE8B3B /* Release */ = {
			isa = XCBuildConfiguration;
			buildSettings = {
				ALWAYS_SEARCH_USER_PATHS = NO;
				CLANG_ANALYZER_NONNULL = YES;
				CLANG_ANALYZER_NUMBER_OBJECT_CONVERSION = YES_AGGRESSIVE;
				CLANG_CXX_LANGUAGE_STANDARD = "gnu++14";
				CLANG_CXX_LIBRARY = "libc++";
				CLANG_ENABLE_MODULES = YES;
				CLANG_ENABLE_OBJC_ARC = YES;
				CLANG_WARN_BLOCK_CAPTURE_AUTORELEASING = YES;
				CLANG_WARN_BOOL_CONVERSION = YES;
				CLANG_WARN_COMMA = YES;
				CLANG_WARN_CONSTANT_CONVERSION = YES;
				CLANG_WARN_DIRECT_OBJC_ISA_USAGE = YES_ERROR;
				CLANG_WARN_DOCUMENTATION_COMMENTS = YES;
				CLANG_WARN_EMPTY_BODY = YES;
				CLANG_WARN_ENUM_CONVERSION = YES;
				CLANG_WARN_INFINITE_RECURSION = YES;
				CLANG_WARN_INT_CONVERSION = YES;
				CLANG_WARN_NON_LITERAL_NULL_CONVERSION = YES;
				CLANG_WARN_OBJC_LITERAL_CONVERSION = YES;
				CLANG_WARN_OBJC_ROOT_CLASS = YES_ERROR;
				CLANG_WARN_RANGE_LOOP_ANALYSIS = YES;
				CLANG_WARN_STRICT_PROTOTYPES = YES;
				CLANG_WARN_SUSPICIOUS_MOVE = YES;
				CLANG_WARN_UNGUARDED_AVAILABILITY = YES_AGGRESSIVE;
				CLANG_WARN_UNREACHABLE_CODE = YES;
				CLANG_WARN__DUPLICATE_METHOD_MATCH = YES;
				CODE_SIGN_IDENTITY = "iPhone Developer";
				COPY_PHASE_STRIP = NO;
				DEBUG_INFORMATION_FORMAT = "dwarf-with-dsym";
				ENABLE_NS_ASSERTIONS = NO;
				ENABLE_STRICT_OBJC_MSGSEND = YES;
				GCC_C_LANGUAGE_STANDARD = gnu11;
				GCC_NO_COMMON_BLOCKS = YES;
				GCC_WARN_64_TO_32_BIT_CONVERSION = YES;
				GCC_WARN_ABOUT_RETURN_TYPE = YES_ERROR;
				GCC_WARN_UNDECLARED_SELECTOR = YES;
				GCC_WARN_UNINITIALIZED_AUTOS = YES_AGGRESSIVE;
				GCC_WARN_UNUSED_FUNCTION = YES;
				GCC_WARN_UNUSED_VARIABLE = YES;
				IPHONEOS_DEPLOYMENT_TARGET = 11.0;
				MTL_ENABLE_DEBUG_INFO = NO;
				SDKROOT = iphoneos;
				SWIFT_OPTIMIZATION_LEVEL = "-Owholemodule";
				VALIDATE_PRODUCT = YES;
			};
			name = Release;
		};
		6C027C93419EC382B9DA1E4B /* Debug */ = {
			isa = XCBuildConfiguration;
			buildSettings = {
				ASSETCATALOG_COMPILER_APPICON_NAME = AppIcon;
				INFOPLIST_FILE = ProjectRefreshTableView/Info.plist;
				LD_RUNPATH_SEARCH_PATHS = "$(inherited) @executable_path/Frameworks";
				PRODUCT_BUNDLE_IDENTIFIER = me.liuqingwen.ProjectRefreshTableView;
				PRODUCT_NAME = "$(TARGET_NAME)";
				SWIFT_VERSION = 4.0;
				TARGETED_DEVICE_FAMILY = "1,2";
			};
			name = Debug;
		};
		6C027D252157306B3DCEBC82 /* Release */ = {
			isa = XCBuildConfiguration;
			buildSettings = {
				ASSETCATALOG_COMPILER_APPICON_NAME = AppIcon;
				INFOPLIST_FILE = ProjectRefreshTableView/Info.plist;
				LD_RUNPATH_SEARCH_PATHS = "$(inherited) @executable_path/Frameworks";
				PRODUCT_BUNDLE_IDENTIFIER = me.liuqingwen.ProjectRefreshTableView;
				PRODUCT_NAME = "$(TARGET_NAME)";
				SWIFT_VERSION = 4.0;
				TARGETED_DEVICE_FAMILY = "1,2";
			};
			name = Release;
		};
		6C027E5E005AC464F13B1F73 /* Debug */ = {
			isa = XCBuildConfiguration;
			buildSettings = {
				ALWAYS_SEARCH_USER_PATHS = NO;
				CLANG_ANALYZER_NONNULL = YES;
				CLANG_ANALYZER_NUMBER_OBJECT_CONVERSION = YES_AGGRESSIVE;
				CLANG_CXX_LANGUAGE_STANDARD = "gnu++14";
				CLANG_CXX_LIBRARY = "libc++";
				CLANG_ENABLE_MODULES = YES;
				CLANG_ENABLE_OBJC_ARC = YES;
				CLANG_WARN_BLOCK_CAPTURE_AUTORELEASING = YES;
				CLANG_WARN_BOOL_CONVERSION = YES;
				CLANG_WARN_COMMA = YES;
				CLANG_WARN_CONSTANT_CONVERSION = YES;
				CLANG_WARN_DIRECT_OBJC_ISA_USAGE = YES_ERROR;
				CLANG_WARN_DOCUMENTATION_COMMENTS = YES;
				CLANG_WARN_EMPTY_BODY = YES;
				CLANG_WARN_ENUM_CONVERSION = YES;
				CLANG_WARN_INFINITE_RECURSION = YES;
				CLANG_WARN_INT_CONVERSION = YES;
				CLANG_WARN_NON_LITERAL_NULL_CONVERSION = YES;
				CLANG_WARN_OBJC_LITERAL_CONVERSION = YES;
				CLANG_WARN_OBJC_ROOT_CLASS = YES_ERROR;
				CLANG_WARN_RANGE_LOOP_ANALYSIS = YES;
				CLANG_WARN_STRICT_PROTOTYPES = YES;
				CLANG_WARN_SUSPICIOUS_MOVE = YES;
				CLANG_WARN_UNGUARDED_AVAILABILITY = YES_AGGRESSIVE;
				CLANG_WARN_UNREACHABLE_CODE = YES;
				CLANG_WARN__DUPLICATE_METHOD_MATCH = YES;
				CODE_SIGN_IDENTITY = "iPhone Developer";
				COPY_PHASE_STRIP = NO;
				DEBUG_INFORMATION_FORMAT = dwarf;
				ENABLE_STRICT_OBJC_MSGSEND = YES;
				ENABLE_TESTABILITY = YES;
				GCC_C_LANGUAGE_STANDARD = gnu11;
				GCC_DYNAMIC_NO_PIC = NO;
				GCC_NO_COMMON_BLOCKS = YES;
				GCC_OPTIMIZATION_LEVEL = 0;
				GCC_PREPROCESSOR_DEFINITIONS = (
					"DEBUG=1",
					"$(inherited)",
				);
				GCC_WARN_64_TO_32_BIT_CONVERSION = YES;
				GCC_WARN_ABOUT_RETURN_TYPE = YES_ERROR;
				GCC_WARN_UNDECLARED_SELECTOR = YES;
				GCC_WARN_UNINITIALIZED_AUTOS = YES_AGGRESSIVE;
				GCC_WARN_UNUSED_FUNCTION = YES;
				GCC_WARN_UNUSED_VARIABLE = YES;
				IPHONEOS_DEPLOYMENT_TARGET = 11.0;
				MTL_ENABLE_DEBUG_INFO = YES;
				ONLY_ACTIVE_ARCH = YES;
				SDKROOT = iphoneos;
				SWIFT_ACTIVE_COMPILATION_CONDITIONS = DEBUG;
				SWIFT_OPTIMIZATION_LEVEL = "-Onone";
			};
			name = Debug;
		};
/* End XCBuildConfiguration section */

/* Begin XCConfigurationList section */
		6C0274AB588E90C63B0E0D4E /* Build configuration list for PBXProject "ProjectRefreshTableView" */ = {
			isa = XCConfigurationList;
			buildConfigurations = (
				6C027E5E005AC464F13B1F73 /* Debug */,
				6C02739D35C76E65B4AE8B3B /* Release */,
			);
			defaultConfigurationIsVisible = 0;
			defaultConfigurationName = Release;
		};
		6C02784D4CBB4011BFD72892 /* Build configuration list for PBXNativeTarget "ProjectRefreshTableView" */ = {
			isa = XCConfigurationList;
			buildConfigurations = (
				6C027C93419EC382B9DA1E4B /* Debug */,
				6C027D252157306B3DCEBC82 /* Release */,
			);
			defaultConfigurationIsVisible = 0;
			defaultConfigurationName = Release;
		};
/* End XCConfigurationList section */
	};
	rootObject = 6C02758E1D122216904B5027 /* Project object */;
}
