// !$*UTF8*$!
{
	archiveVersion = 1;
	classes = {
	};
	objectVersion = 46;
	objects = {

/* Begin PBXBuildFile section */
		6C0270D58110C7F2EE5FCC21 /* Main.storyboard in Resources */ = {isa = PBXBuildFile; fileRef = 6C0274DEC784D9038F66923F /* Main.storyboard */; };
		6C0277090DC78BD5EFECF34E /* AppDelegate.swift in Sources */ = {isa = PBXBuildFile; fileRef = 6C02708A20A4E98BCD410E3C /* AppDelegate.swift */; };
		6C0277C2205DA28CA9EA725E /* Assets.xcassets in Resources */ = {isa = PBXBuildFile; fileRef = 6C0276821619FA73D650B383 /* Assets.xcassets */; };
		6C027AB4B43F47F334ABDB8E /* LaunchScreen.storyboard in Resources */ = {isa = PBXBuildFile; fileRef = 6C027EF0B6B940B155B9F832 /* LaunchScreen.storyboard */; };
		6C027F71CC47AAFB1AE48204 /* ViewController.swift in Sources */ = {isa = PBXBuildFile; fileRef = 6C0278F23940BF6D4AAA804F /* ViewController.swift */; };
/* End PBXBuildFile section */

/* Begin PBXFileReference section */
		6C02708A20A4E98BCD410E3C /* AppDelegate.swift */ = {isa = PBXFileReference; lastKnownFileType = sourcecode.swift; path = AppDelegate.swift; sourceTree = "<group>"; };
		6C0276821619FA73D650B383 /* Assets.xcassets */ = {isa = PBXFileReference; lastKnownFileType = folder.assetcatalog; path = Assets.xcassets; sourceTree = "<group>"; };
		6C0278AAB20D5F5B103188A1 /* Base */ = {isa = PBXFileReference; lastKnownFileType = file.storyboard; name = Base; path = Base.lproj/LaunchScreen.storyboard; sourceTree = "<group>"; };
		6C0278F23940BF6D4AAA804F /* ViewController.swift */ = {isa = PBXFileReference; lastKnownFileType = sourcecode.swift; path = ViewController.swift; sourceTree = "<group>"; };
		6C027B69CFC1D7E9FBAE764B /* Base */ = {isa = PBXFileReference; lastKnownFileType = file.storyboard; name = Base; path = Base.lproj/Main.storyboard; sourceTree = "<group>"; };
		6C027BA096633A0D9BAF4048 /* Info.plist */ = {isa = PBXFileReference; lastKnownFileType = text.plist.info; path = Info.plist; sourceTree = "<group>"; };
		6C027CD0AC1B33B8F8205F67 /* ProjectEditableTableView.app */ = {isa = PBXFileReference; explicitFileType = wrapper.application; includeInIndex = 0; path = ProjectEditableTableView.app; sourceTree = BUILT_PRODUCTS_DIR; };
/* End PBXFileReference section */

/* Begin PBXFrameworksBuildPhase section */
		6C02757302D49C4C4368EF23 /* Frameworks */ = {
			isa = PBXFrameworksBuildPhase;
			buildActionMask = 2147483647;
			files = (
			);
			runOnlyForDeploymentPostprocessing = 0;
		};
/* End PBXFrameworksBuildPhase section */

/* Begin PBXGroup section */
		6C02737533E1001E2AD3B336 /* Products */ = {
			isa = PBXGroup;
			children = (
				6C027CD0AC1B33B8F8205F67 /* ProjectEditableTableView.app */,
			);
			name = Products;
			sourceTree = "<group>";
		};
		6C02796E862B7B36B6C52D2E /* ProjectEditableTableView */ = {
			isa = PBXGroup;
			children = (
				6C027BA096633A0D9BAF4048 /* Info.plist */,
				6C0276821619FA73D650B383 /* Assets.xcassets */,
				6C027EF0B6B940B155B9F832 /* LaunchScreen.storyboard */,
				6C02708A20A4E98BCD410E3C /* AppDelegate.swift */,
				6C0274DEC784D9038F66923F /* Main.storyboard */,
				6C0278F23940BF6D4AAA804F /* ViewController.swift */,
			);
			path = ProjectEditableTableView;
			sourceTree = "<group>";
		};
		6C027FE15148A25041CA6E7C = {
			isa = PBXGroup;
			children = (
				6C02737533E1001E2AD3B336 /* Products */,
				6C02796E862B7B36B6C52D2E /* ProjectEditableTableView */,
			);
			sourceTree = "<group>";
		};
/* End PBXGroup section */

/* Begin PBXNativeTarget section */
		6C027B37BB4CB61CF4F18D36 /* ProjectEditableTableView */ = {
			isa = PBXNativeTarget;
			buildConfigurationList = 6C027B942BDA1293F70B24BF /* Build configuration list for PBXNativeTarget "ProjectEditableTableView" */;
			buildPhases = (
				6C027E240ED71E44FC58DE89 /* Sources */,
				6C02757302D49C4C4368EF23 /* Frameworks */,
				6C0273B091F15B71CE8CD4AC /* Resources */,
			);
			buildRules = (
			);
			dependencies = (
			);
			name = ProjectEditableTableView;
			productName = ProjectEditableTableView;
			productReference = 6C027CD0AC1B33B8F8205F67 /* ProjectEditableTableView.app */;
			productType = "com.apple.product-type.application";
		};
/* End PBXNativeTarget section */

/* Begin PBXProject section */
		6C0273C91120E75CB279CACE /* Project object */ = {
			isa = PBXProject;
			attributes = {
				ORGANIZATIONNAME = Liuqingwen;
			};
			buildConfigurationList = 6C027B2B367936079809519A /* Build configuration list for PBXProject "ProjectEditableTableView" */;
			compatibilityVersion = "Xcode 3.2";
			developmentRegion = English;
			hasScannedForEncodings = 0;
			knownRegions = (
				en,
			);
			mainGroup = 6C027FE15148A25041CA6E7C;
			productRefGroup = 6C02737533E1001E2AD3B336 /* Products */;
			projectDirPath = "";
			projectRoot = "";
			targets = (
				6C027B37BB4CB61CF4F18D36 /* ProjectEditableTableView */,
			);
		};
/* End PBXProject section */

/* Begin PBXResourcesBuildPhase section */
		6C0273B091F15B71CE8CD4AC /* Resources */ = {
			isa = PBXResourcesBuildPhase;
			buildActionMask = 2147483647;
			files = (
				6C0277C2205DA28CA9EA725E /* Assets.xcassets in Resources */,
				6C027AB4B43F47F334ABDB8E /* LaunchScreen.storyboard in Resources */,
				6C0270D58110C7F2EE5FCC21 /* Main.storyboard in Resources */,
			);
			runOnlyForDeploymentPostprocessing = 0;
		};
/* End PBXResourcesBuildPhase section */

/* Begin PBXSourcesBuildPhase section */
		6C027E240ED71E44FC58DE89 /* Sources */ = {
			isa = PBXSourcesBuildPhase;
			buildActionMask = 2147483647;
			files = (
				6C0277090DC78BD5EFECF34E /* AppDelegate.swift in Sources */,
				6C027F71CC47AAFB1AE48204 /* ViewController.swift in Sources */,
			);
			runOnlyForDeploymentPostprocessing = 0;
		};
/* End PBXSourcesBuildPhase section */

/* Begin PBXVariantGroup section */
		6C0274DEC784D9038F66923F /* Main.storyboard */ = {
			isa = PBXVariantGroup;
			children = (
				6C027B69CFC1D7E9FBAE764B /* Base */,
			);
			name = Main.storyboard;
			sourceTree = "<group>";
		};
		6C027EF0B6B940B155B9F832 /* LaunchScreen.storyboard */ = {
			isa = PBXVariantGroup;
			children = (
				6C0278AAB20D5F5B103188A1 /* Base */,
			);
			name = LaunchScreen.storyboard;
			sourceTree = "<group>";
		};
/* End PBXVariantGroup section */

/* Begin XCBuildConfiguration section */
		6C0276E6F5FFED18B1F34163 /* Debug */ = {
			isa = XCBuildConfiguration;
			buildSettings = {
				ASSETCATALOG_COMPILER_APPICON_NAME = AppIcon;
				INFOPLIST_FILE = ProjectEditableTableView/Info.plist;
				LD_RUNPATH_SEARCH_PATHS = "$(inherited) @executable_path/Frameworks";
				PRODUCT_BUNDLE_IDENTIFIER = me.liuqingwen.ProjectEditableTableView;
				PRODUCT_NAME = "$(TARGET_NAME)";
				SWIFT_VERSION = 4.0;
				TARGETED_DEVICE_FAMILY = "1,2";
			};
			name = Debug;
		};
		6C0279FB8002BD53FB4BC446 /* Release */ = {
			isa = XCBuildConfiguration;
			buildSettings = {
				ALWAYS_SEARCH_USER_PATHS = NO;
				CLANG_ANALYZER_NONNULL = YES;
				CLANG_ANALYZER_NUMBER_OBJECT_CONVERSION = YES_AGGRESSIVE;
				CLANG_CXX_LANGUAGE_STANDARD = "gnu++14";
				CLANG_CXX_LIBRARY = "libc++";
				CLANG_ENABLE_MODULES = YES;
				CLANG_ENABLE_OBJC_ARC = YES;
				CLANG_WARN_BLOCK_CAPTURE_AUTORELEASING = YES;
				CLANG_WARN_BOOL_CONVERSION = YES;
				CLANG_WARN_COMMA = YES;
				CLANG_WARN_CONSTANT_CONVERSION = YES;
				CLANG_WARN_DIRECT_OBJC_ISA_USAGE = YES_ERROR;
				CLANG_WARN_DOCUMENTATION_COMMENTS = YES;
				CLANG_WARN_EMPTY_BODY = YES;
				CLANG_WARN_ENUM_CONVERSION = YES;
				CLANG_WARN_INFINITE_RECURSION = YES;
				CLANG_WARN_INT_CONVERSION = YES;
				CLANG_WARN_NON_LITERAL_NULL_CONVERSION = YES;
				CLANG_WARN_OBJC_LITERAL_CONVERSION = YES;
				CLANG_WARN_OBJC_ROOT_CLASS = YES_ERROR;
				CLANG_WARN_RANGE_LOOP_ANALYSIS = YES;
				CLANG_WARN_STRICT_PROTOTYPES = YES;
				CLANG_WARN_SUSPICIOUS_MOVE = YES;
				CLANG_WARN_UNGUARDED_AVAILABILITY = YES_AGGRESSIVE;
				CLANG_WARN_UNREACHABLE_CODE = YES;
				CLANG_WARN__DUPLICATE_METHOD_MATCH = YES;
				CODE_SIGN_IDENTITY = "iPhone Developer";
				COPY_PHASE_STRIP = NO;
				DEBUG_INFORMATION_FORMAT = "dwarf-with-dsym";
				ENABLE_NS_ASSERTIONS = NO;
				ENABLE_STRICT_OBJC_MSGSEND = YES;
				GCC_C_LANGUAGE_STANDARD = gnu11;
				GCC_NO_COMMON_BLOCKS = YES;
				GCC_WARN_64_TO_32_BIT_CONVERSION = YES;
				GCC_WARN_ABOUT_RETURN_TYPE = YES_ERROR;
				GCC_WARN_UNDECLARED_SELECTOR = YES;
				GCC_WARN_UNINITIALIZED_AUTOS = YES_AGGRESSIVE;
				GCC_WARN_UNUSED_FUNCTION = YES;
				GCC_WARN_UNUSED_VARIABLE = YES;
				IPHONEOS_DEPLOYMENT_TARGET = 11.2;
				MTL_ENABLE_DEBUG_INFO = NO;
				SDKROOT = iphoneos;
				SWIFT_OPTIMIZATION_LEVEL = "-Owholemodule";
				VALIDATE_PRODUCT = YES;
			};
			name = Release;
		};
		6C027E350510B37346F775D1 /* Debug */ = {
			isa = XCBuildConfiguration;
			buildSettings = {
				ALWAYS_SEARCH_USER_PATHS = NO;
				CLANG_ANALYZER_NONNULL = YES;
				CLANG_ANALYZER_NUMBER_OBJECT_CONVERSION = YES_AGGRESSIVE;
				CLANG_CXX_LANGUAGE_STANDARD = "gnu++14";
				CLANG_CXX_LIBRARY = "libc++";
				CLANG_ENABLE_MODULES = YES;
				CLANG_ENABLE_OBJC_ARC = YES;
				CLANG_WARN_BLOCK_CAPTURE_AUTORELEASING = YES;
				CLANG_WARN_BOOL_CONVERSION = YES;
				CLANG_WARN_COMMA = YES;
				CLANG_WARN_CONSTANT_CONVERSION = YES;
				CLANG_WARN_DIRECT_OBJC_ISA_USAGE = YES_ERROR;
				CLANG_WARN_DOCUMENTATION_COMMENTS = YES;
				CLANG_WARN_EMPTY_BODY = YES;
				CLANG_WARN_ENUM_CONVERSION = YES;
				CLANG_WARN_INFINITE_RECURSION = YES;
				CLANG_WARN_INT_CONVERSION = YES;
				CLANG_WARN_NON_LITERAL_NULL_CONVERSION = YES;
				CLANG_WARN_OBJC_LITERAL_CONVERSION = YES;
				CLANG_WARN_OBJC_ROOT_CLASS = YES_ERROR;
				CLANG_WARN_RANGE_LOOP_ANALYSIS = YES;
				CLANG_WARN_STRICT_PROTOTYPES = YES;
				CLANG_WARN_SUSPICIOUS_MOVE = YES;
				CLANG_WARN_UNGUARDED_AVAILABILITY = YES_AGGRESSIVE;
				CLANG_WARN_UNREACHABLE_CODE = YES;
				CLANG_WARN__DUPLICATE_METHOD_MATCH = YES;
				CODE_SIGN_IDENTITY = "iPhone Developer";
				COPY_PHASE_STRIP = NO;
				DEBUG_INFORMATION_FORMAT = dwarf;
				ENABLE_STRICT_OBJC_MSGSEND = YES;
				ENABLE_TESTABILITY = YES;
				GCC_C_LANGUAGE_STANDARD = gnu11;
				GCC_DYNAMIC_NO_PIC = NO;
				GCC_NO_COMMON_BLOCKS = YES;
				GCC_OPTIMIZATION_LEVEL = 0;
				GCC_PREPROCESSOR_DEFINITIONS = (
					"DEBUG=1",
					"$(inherited)",
				);
				GCC_WARN_64_TO_32_BIT_CONVERSION = YES;
				GCC_WARN_ABOUT_RETURN_TYPE = YES_ERROR;
				GCC_WARN_UNDECLARED_SELECTOR = YES;
				GCC_WARN_UNINITIALIZED_AUTOS = YES_AGGRESSIVE;
				GCC_WARN_UNUSED_FUNCTION = YES;
				GCC_WARN_UNUSED_VARIABLE = YES;
				IPHONEOS_DEPLOYMENT_TARGET = 11.2;
				MTL_ENABLE_DEBUG_INFO = YES;
				ONLY_ACTIVE_ARCH = YES;
				SDKROOT = iphoneos;
				SWIFT_ACTIVE_COMPILATION_CONDITIONS = DEBUG;
				SWIFT_OPTIMIZATION_LEVEL = "-Onone";
			};
			name = Debug;
		};
		6C027FC6635E80EF6983C7AE /* Release */ = {
			isa = XCBuildConfiguration;
			buildSettings = {
				ASSETCATALOG_COMPILER_APPICON_NAME = AppIcon;
				INFOPLIST_FILE = ProjectEditableTableView/Info.plist;
				LD_RUNPATH_SEARCH_PATHS = "$(inherited) @executable_path/Frameworks";
				PRODUCT_BUNDLE_IDENTIFIER = me.liuqingwen.ProjectEditableTableView;
				PRODUCT_NAME = "$(TARGET_NAME)";
				SWIFT_VERSION = 4.0;
				TARGETED_DEVICE_FAMILY = "1,2";
			};
			name = Release;
		};
/* End XCBuildConfiguration section */

/* Begin XCConfigurationList section */
		6C027B2B367936079809519A /* Build configuration list for PBXProject "ProjectEditableTableView" */ = {
			isa = XCConfigurationList;
			buildConfigurations = (
				6C027E350510B37346F775D1 /* Debug */,
				6C0279FB8002BD53FB4BC446 /* Release */,
			);
			defaultConfigurationIsVisible = 0;
			defaultConfigurationName = Release;
		};
		6C027B942BDA1293F70B24BF /* Build configuration list for PBXNativeTarget "ProjectEditableTableView" */ = {
			isa = XCConfigurationList;
			buildConfigurations = (
				6C0276E6F5FFED18B1F34163 /* Debug */,
				6C027FC6635E80EF6983C7AE /* Release */,
			);
			defaultConfigurationIsVisible = 0;
		};
/* End XCConfigurationList section */
	};
	rootObject = 6C0273C91120E75CB279CACE /* Project object */;
}
