// !$*UTF8*$!
{
	archiveVersion = 1;
	classes = {
	};
	objectVersion = 46;
	objects = {

/* Begin PBXBuildFile section */
		6C027895FC17BDBB93E656F7 /* LaunchScreen.storyboard in Resources */ = {isa = PBXBuildFile; fileRef = 6C027C299AC8277BCEBA87E6 /* LaunchScreen.storyboard */; };
		6C02790F2544A391A2EB03F8 /* AppDelegate.swift in Sources */ = {isa = PBXBuildFile; fileRef = 6C027ADF61822C8DFDF7A899 /* AppDelegate.swift */; };
		6C027BD36130BDFED680E242 /* ViewController.swift in Sources */ = {isa = PBXBuildFile; fileRef = 6C0279E307B8DA71EBD994BE /* ViewController.swift */; };
		6C027EEE692B579AA975C0C5 /* Assets.xcassets in Resources */ = {isa = PBXBuildFile; fileRef = 6C0277CDC96FD067BCF6BDB9 /* Assets.xcassets */; };
		6C027FF428E01A19E656056E /* Main.storyboard in Resources */ = {isa = PBXBuildFile; fileRef = 6C0273B7EB52FF7756039B63 /* Main.storyboard */; };
/* End PBXBuildFile section */

/* Begin PBXFileReference section */
		6C0270A13B398137744A0B51 /* Info.plist */ = {isa = PBXFileReference; lastKnownFileType = text.plist.info; path = Info.plist; sourceTree = "<group>"; };
		6C027392979A09F3425B0D31 /* Base */ = {isa = PBXFileReference; lastKnownFileType = file.storyboard; name = Base; path = Base.lproj/LaunchScreen.storyboard; sourceTree = "<group>"; };
		6C0274B9255E836A8BE3897E /* ProjectTapHoldCounter.app */ = {isa = PBXFileReference; explicitFileType = wrapper.application; includeInIndex = 0; path = ProjectTapHoldCounter.app; sourceTree = BUILT_PRODUCTS_DIR; };
		6C0277CDC96FD067BCF6BDB9 /* Assets.xcassets */ = {isa = PBXFileReference; lastKnownFileType = folder.assetcatalog; path = Assets.xcassets; sourceTree = "<group>"; };
		6C0279479C9A9A66A9A3BBC9 /* Base */ = {isa = PBXFileReference; lastKnownFileType = file.storyboard; name = Base; path = Base.lproj/Main.storyboard; sourceTree = "<group>"; };
		6C0279E307B8DA71EBD994BE /* ViewController.swift */ = {isa = PBXFileReference; lastKnownFileType = sourcecode.swift; path = ViewController.swift; sourceTree = "<group>"; };
		6C027ADF61822C8DFDF7A899 /* AppDelegate.swift */ = {isa = PBXFileReference; lastKnownFileType = sourcecode.swift; path = AppDelegate.swift; sourceTree = "<group>"; };
/* End PBXFileReference section */

/* Begin PBXFrameworksBuildPhase section */
		6C027EDBBED19E74B874507A /* Frameworks */ = {
			isa = PBXFrameworksBuildPhase;
			buildActionMask = 2147483647;
			files = (
			);
			runOnlyForDeploymentPostprocessing = 0;
		};
/* End PBXFrameworksBuildPhase section */

/* Begin PBXGroup section */
		6C0273F4E7CC0AD2FB110FC8 = {
			isa = PBXGroup;
			children = (
				6C027EA906C666BAE39BB837 /* Products */,
				6C027B36E6F622F6D58C331D /* ProjectTapHoldCounter */,
			);
			sourceTree = "<group>";
		};
		6C027B36E6F622F6D58C331D /* ProjectTapHoldCounter */ = {
			isa = PBXGroup;
			children = (
				6C0270A13B398137744A0B51 /* Info.plist */,
				6C0277CDC96FD067BCF6BDB9 /* Assets.xcassets */,
				6C027C299AC8277BCEBA87E6 /* LaunchScreen.storyboard */,
				6C027ADF61822C8DFDF7A899 /* AppDelegate.swift */,
				6C0273B7EB52FF7756039B63 /* Main.storyboard */,
				6C0279E307B8DA71EBD994BE /* ViewController.swift */,
			);
			path = ProjectTapHoldCounter;
			sourceTree = "<group>";
		};
		6C027EA906C666BAE39BB837 /* Products */ = {
			isa = PBXGroup;
			children = (
				6C0274B9255E836A8BE3897E /* ProjectTapHoldCounter.app */,
			);
			name = Products;
			sourceTree = "<group>";
		};
/* End PBXGroup section */

/* Begin PBXNativeTarget section */
		6C0271BC7BD68C8F91B4E37C /* ProjectTapHoldCounter */ = {
			isa = PBXNativeTarget;
			buildConfigurationList = 6C027DE42D490EADB8E05589 /* Build configuration list for PBXNativeTarget "ProjectTapHoldCounter" */;
			buildPhases = (
				6C027688AF5EC9484487F4CF /* Sources */,
				6C027EDBBED19E74B874507A /* Frameworks */,
				6C027A2AEB9CEF8F536AA778 /* Resources */,
			);
			buildRules = (
			);
			dependencies = (
			);
			name = ProjectTapHoldCounter;
			productName = ProjectTapHoldCounter;
			productReference = 6C0274B9255E836A8BE3897E /* ProjectTapHoldCounter.app */;
			productType = "com.apple.product-type.application";
		};
/* End PBXNativeTarget section */

/* Begin PBXProject section */
		6C027FDE06B064BC5B6C0B87 /* Project object */ = {
			isa = PBXProject;
			attributes = {
				ORGANIZATIONNAME = Liuqingwen;
			};
			buildConfigurationList = 6C0276B8F5846165B335DA3E /* Build configuration list for PBXProject "ProjectTapHoldCounter" */;
			compatibilityVersion = "Xcode 3.2";
			developmentRegion = English;
			hasScannedForEncodings = 0;
			knownRegions = (
				en,
			);
			mainGroup = 6C0273F4E7CC0AD2FB110FC8;
			productRefGroup = 6C027EA906C666BAE39BB837 /* Products */;
			projectDirPath = "";
			projectRoot = "";
			targets = (
				6C0271BC7BD68C8F91B4E37C /* ProjectTapHoldCounter */,
			);
		};
/* End PBXProject section */

/* Begin PBXResourcesBuildPhase section */
		6C027A2AEB9CEF8F536AA778 /* Resources */ = {
			isa = PBXResourcesBuildPhase;
			buildActionMask = 2147483647;
			files = (
				6C027EEE692B579AA975C0C5 /* Assets.xcassets in Resources */,
				6C027895FC17BDBB93E656F7 /* LaunchScreen.storyboard in Resources */,
				6C027FF428E01A19E656056E /* Main.storyboard in Resources */,
			);
			runOnlyForDeploymentPostprocessing = 0;
		};
/* End PBXResourcesBuildPhase section */

/* Begin PBXSourcesBuildPhase section */
		6C027688AF5EC9484487F4CF /* Sources */ = {
			isa = PBXSourcesBuildPhase;
			buildActionMask = 2147483647;
			files = (
				6C02790F2544A391A2EB03F8 /* AppDelegate.swift in Sources */,
				6C027BD36130BDFED680E242 /* ViewController.swift in Sources */,
			);
			runOnlyForDeploymentPostprocessing = 0;
		};
/* End PBXSourcesBuildPhase section */

/* Begin PBXVariantGroup section */
		6C0273B7EB52FF7756039B63 /* Main.storyboard */ = {
			isa = PBXVariantGroup;
			children = (
				6C0279479C9A9A66A9A3BBC9 /* Base */,
			);
			name = Main.storyboard;
			sourceTree = "<group>";
		};
		6C027C299AC8277BCEBA87E6 /* LaunchScreen.storyboard */ = {
			isa = PBXVariantGroup;
			children = (
				6C027392979A09F3425B0D31 /* Base */,
			);
			name = LaunchScreen.storyboard;
			sourceTree = "<group>";
		};
/* End PBXVariantGroup section */

/* Begin XCBuildConfiguration section */
		6C0273DF7D233C5D6839B9A8 /* Debug */ = {
			isa = XCBuildConfiguration;
			buildSettings = {
				ALWAYS_SEARCH_USER_PATHS = NO;
				CLANG_ANALYZER_NONNULL = YES;
				CLANG_ANALYZER_NUMBER_OBJECT_CONVERSION = YES_AGGRESSIVE;
				CLANG_CXX_LANGUAGE_STANDARD = "gnu++0x";
				CLANG_CXX_LIBRARY = "libc++";
				CLANG_ENABLE_MODULES = YES;
				CLANG_ENABLE_OBJC_ARC = YES;
				CLANG_WARN_BOOL_CONVERSION = YES;
				CLANG_WARN_CONSTANT_CONVERSION = YES;
				CLANG_WARN_DIRECT_OBJC_ISA_USAGE = YES_ERROR;
				CLANG_WARN_DOCUMENTATION_COMMENTS = YES;
				CLANG_WARN_EMPTY_BODY = YES;
				CLANG_WARN_ENUM_CONVERSION = YES;
				CLANG_WARN_INFINITE_RECURSION = YES;
				CLANG_WARN_INT_CONVERSION = YES;
				CLANG_WARN_OBJC_ROOT_CLASS = YES_ERROR;
				CLANG_WARN_SUSPICIOUS_MOVE = YES;
				CLANG_WARN_UNREACHABLE_CODE = YES;
				CLANG_WARN__DUPLICATE_METHOD_MATCH = YES;
				"CODE_SIGN_IDENTITY[sdk=iphoneos*]" = "iPhone Developer";
				COPY_PHASE_STRIP = NO;
				DEBUG_INFORMATION_FORMAT = dwarf;
				ENABLE_STRICT_OBJC_MSGSEND = YES;
				ENABLE_TESTABILITY = YES;
				GCC_C_LANGUAGE_STANDARD = gnu99;
				GCC_DYNAMIC_NO_PIC = NO;
				GCC_NO_COMMON_BLOCKS = YES;
				GCC_OPTIMIZATION_LEVEL = 0;
				GCC_PREPROCESSOR_DEFINITIONS = (
					"DEBUG=1",
					"$(inherited)",
				);
				GCC_WARN_64_TO_32_BIT_CONVERSION = YES;
				GCC_WARN_ABOUT_RETURN_TYPE = YES_ERROR;
				GCC_WARN_UNDECLARED_SELECTOR = YES;
				GCC_WARN_UNINITIALIZED_AUTOS = YES_AGGRESSIVE;
				GCC_WARN_UNUSED_FUNCTION = YES;
				GCC_WARN_UNUSED_VARIABLE = YES;
				IPHONEOS_DEPLOYMENT_TARGET = 10.3;
				MTL_ENABLE_DEBUG_INFO = YES;
				ONLY_ACTIVE_ARCH = YES;
				SDKROOT = iphoneos;
				SWIFT_ACTIVE_COMPILATION_CONDITIONS = DEBUG;
				SWIFT_OPTIMIZATION_LEVEL = "-Onone";
			};
			name = Debug;
		};
		6C02743ADFDFBE3EC9FFA252 /* Debug */ = {
			isa = XCBuildConfiguration;
			buildSettings = {
				ASSETCATALOG_COMPILER_APPICON_NAME = AppIcon;
				INFOPLIST_FILE = ProjectTapHoldCounter/Info.plist;
				LD_RUNPATH_SEARCH_PATHS = "$(inherited) @executable_path/Frameworks";
				PRODUCT_BUNDLE_IDENTIFIER = me.liuqingwen.ProjectTapHoldCounter;
				PRODUCT_NAME = "$(TARGET_NAME)";
				SWIFT_VERSION = 3.1;
			};
			name = Debug;
		};
		6C0279D4A4DC19DD649B34A1 /* Release */ = {
			isa = XCBuildConfiguration;
			buildSettings = {
				ALWAYS_SEARCH_USER_PATHS = NO;
				CLANG_ANALYZER_NONNULL = YES;
				CLANG_ANALYZER_NUMBER_OBJECT_CONVERSION = YES_AGGRESSIVE;
				CLANG_CXX_LANGUAGE_STANDARD = "gnu++0x";
				CLANG_CXX_LIBRARY = "libc++";
				CLANG_ENABLE_MODULES = YES;
				CLANG_ENABLE_OBJC_ARC = YES;
				CLANG_WARN_BOOL_CONVERSION = YES;
				CLANG_WARN_CONSTANT_CONVERSION = YES;
				CLANG_WARN_DIRECT_OBJC_ISA_USAGE = YES_ERROR;
				CLANG_WARN_DOCUMENTATION_COMMENTS = YES;
				CLANG_WARN_EMPTY_BODY = YES;
				CLANG_WARN_ENUM_CONVERSION = YES;
				CLANG_WARN_INFINITE_RECURSION = YES;
				CLANG_WARN_INT_CONVERSION = YES;
				CLANG_WARN_OBJC_ROOT_CLASS = YES_ERROR;
				CLANG_WARN_SUSPICIOUS_MOVE = YES;
				CLANG_WARN_UNREACHABLE_CODE = YES;
				CLANG_WARN__DUPLICATE_METHOD_MATCH = YES;
				"CODE_SIGN_IDENTITY[sdk=iphoneos*]" = "iPhone Developer";
				COPY_PHASE_STRIP = NO;
				DEBUG_INFORMATION_FORMAT = "dwarf-with-dsym";
				ENABLE_NS_ASSERTIONS = NO;
				ENABLE_STRICT_OBJC_MSGSEND = YES;
				GCC_C_LANGUAGE_STANDARD = gnu99;
				GCC_NO_COMMON_BLOCKS = YES;
				GCC_WARN_64_TO_32_BIT_CONVERSION = YES;
				GCC_WARN_ABOUT_RETURN_TYPE = YES_ERROR;
				GCC_WARN_UNDECLARED_SELECTOR = YES;
				GCC_WARN_UNINITIALIZED_AUTOS = YES_AGGRESSIVE;
				GCC_WARN_UNUSED_FUNCTION = YES;
				GCC_WARN_UNUSED_VARIABLE = YES;
				IPHONEOS_DEPLOYMENT_TARGET = 10.3;
				MTL_ENABLE_DEBUG_INFO = NO;
				SDKROOT = iphoneos;
				SWIFT_OPTIMIZATION_LEVEL = "-Owholemodule";
				VALIDATE_PRODUCT = YES;
			};
			name = Release;
		};
		6C027C54F0C20440B1DD8CE0 /* Release */ = {
			isa = XCBuildConfiguration;
			buildSettings = {
				ASSETCATALOG_COMPILER_APPICON_NAME = AppIcon;
				INFOPLIST_FILE = ProjectTapHoldCounter/Info.plist;
				LD_RUNPATH_SEARCH_PATHS = "$(inherited) @executable_path/Frameworks";
				PRODUCT_BUNDLE_IDENTIFIER = me.liuqingwen.ProjectTapHoldCounter;
				PRODUCT_NAME = "$(TARGET_NAME)";
				SWIFT_VERSION = 3.1;
			};
			name = Release;
		};
/* End XCBuildConfiguration section */

/* Begin XCConfigurationList section */
		6C0276B8F5846165B335DA3E /* Build configuration list for PBXProject "ProjectTapHoldCounter" */ = {
			isa = XCConfigurationList;
			buildConfigurations = (
				6C0273DF7D233C5D6839B9A8 /* Debug */,
				6C0279D4A4DC19DD649B34A1 /* Release */,
			);
			defaultConfigurationIsVisible = 0;
			defaultConfigurationName = Release;
		};
		6C027DE42D490EADB8E05589 /* Build configuration list for PBXNativeTarget "ProjectTapHoldCounter" */ = {
			isa = XCConfigurationList;
			buildConfigurations = (
				6C02743ADFDFBE3EC9FFA252 /* Debug */,
				6C027C54F0C20440B1DD8CE0 /* Release */,
			);
			defaultConfigurationIsVisible = 0;
		};
/* End XCConfigurationList section */
	};
	rootObject = 6C027FDE06B064BC5B6C0B87 /* Project object */;
}
