// !$*UTF8*$!
{
	archiveVersion = 1;
	classes = {
	};
	objectVersion = 46;
	objects = {

/* Begin PBXBuildFile section */
		6C0271387EECC587AEE1FDE9 /* ViewController.swift in Sources */ = {isa = PBXBuildFile; fileRef = 6C02763DCBDA0E56D8AD29AB /* ViewController.swift */; };
		6C0271ABE3EBD32FC4F3C5A3 /* Main.storyboard in Resources */ = {isa = PBXBuildFile; fileRef = 6C0270BF0FC6A34778D1E387 /* Main.storyboard */; };
		6C0272921664D6FA3892D9FB /* AppDelegate.swift in Sources */ = {isa = PBXBuildFile; fileRef = 6C0272203F69AE924E733BF0 /* AppDelegate.swift */; };
		6C0273712AC3993D58E4EB42 /* LaunchScreen.storyboard in Resources */ = {isa = PBXBuildFile; fileRef = 6C0278CF7BF429754956F9A6 /* LaunchScreen.storyboard */; };
		6C0276AEDE3ACF08B73EAABA /* Assets.xcassets in Resources */ = {isa = PBXBuildFile; fileRef = 6C027205BB77C3EFB6432840 /* Assets.xcassets */; };
		6C027AAF0C496BED543ADB7E /* StaticTableViewController.swift in Sources */ = {isa = PBXBuildFile; fileRef = 6C027FEDF02BD9C1E4DDAEE6 /* StaticTableViewController.swift */; };
/* End PBXBuildFile section */

/* Begin PBXFileReference section */
		6C027205BB77C3EFB6432840 /* Assets.xcassets */ = {isa = PBXFileReference; lastKnownFileType = folder.assetcatalog; path = Assets.xcassets; sourceTree = "<group>"; };
		6C027219685D08BFC861B1C8 /* Info.plist */ = {isa = PBXFileReference; lastKnownFileType = text.plist.info; path = Info.plist; sourceTree = "<group>"; };
		6C0272203F69AE924E733BF0 /* AppDelegate.swift */ = {isa = PBXFileReference; lastKnownFileType = sourcecode.swift; path = AppDelegate.swift; sourceTree = "<group>"; };
		6C0275FEF3653546FF5B8173 /* ProjectPhotoPicker.app */ = {isa = PBXFileReference; explicitFileType = wrapper.application; includeInIndex = 0; path = ProjectPhotoPicker.app; sourceTree = BUILT_PRODUCTS_DIR; };
		6C02763DCBDA0E56D8AD29AB /* ViewController.swift */ = {isa = PBXFileReference; lastKnownFileType = sourcecode.swift; path = ViewController.swift; sourceTree = "<group>"; };
		6C0277D055F724A2FCB45DE2 /* Base */ = {isa = PBXFileReference; lastKnownFileType = file.storyboard; name = Base; path = Base.lproj/Main.storyboard; sourceTree = "<group>"; };
		6C0277D9202FE23869D99919 /* Base */ = {isa = PBXFileReference; lastKnownFileType = file.storyboard; name = Base; path = Base.lproj/LaunchScreen.storyboard; sourceTree = "<group>"; };
		6C027FEDF02BD9C1E4DDAEE6 /* StaticTableViewController.swift */ = {isa = PBXFileReference; fileEncoding = 4; lastKnownFileType = sourcecode.swift; path = StaticTableViewController.swift; sourceTree = "<group>"; };
/* End PBXFileReference section */

/* Begin PBXFrameworksBuildPhase section */
		6C027B64AE6D583328A0D982 /* Frameworks */ = {
			isa = PBXFrameworksBuildPhase;
			buildActionMask = 2147483647;
			files = (
			);
			runOnlyForDeploymentPostprocessing = 0;
		};
/* End PBXFrameworksBuildPhase section */

/* Begin PBXGroup section */
		6C0272FCF650D02BA42F7F1E /* Products */ = {
			isa = PBXGroup;
			children = (
				6C0275FEF3653546FF5B8173 /* ProjectPhotoPicker.app */,
			);
			name = Products;
			sourceTree = "<group>";
		};
		6C0273EC213C0A864B27B656 /* ProjectPhotoPicker */ = {
			isa = PBXGroup;
			children = (
				6C027219685D08BFC861B1C8 /* Info.plist */,
				6C027205BB77C3EFB6432840 /* Assets.xcassets */,
				6C0278CF7BF429754956F9A6 /* LaunchScreen.storyboard */,
				6C0272203F69AE924E733BF0 /* AppDelegate.swift */,
				6C0270BF0FC6A34778D1E387 /* Main.storyboard */,
				6C02763DCBDA0E56D8AD29AB /* ViewController.swift */,
				6C027FEDF02BD9C1E4DDAEE6 /* StaticTableViewController.swift */,
			);
			path = ProjectPhotoPicker;
			sourceTree = "<group>";
		};
		6C0275E683B001827EBA2469 = {
			isa = PBXGroup;
			children = (
				6C0272FCF650D02BA42F7F1E /* Products */,
				6C0273EC213C0A864B27B656 /* ProjectPhotoPicker */,
			);
			sourceTree = "<group>";
		};
/* End PBXGroup section */

/* Begin PBXNativeTarget section */
		6C02781C24946C6267FC3BE4 /* ProjectPhotoPicker */ = {
			isa = PBXNativeTarget;
			buildConfigurationList = 6C027895095286C6BFC05CC9 /* Build configuration list for PBXNativeTarget "ProjectPhotoPicker" */;
			buildPhases = (
				6C027A58728F1B2B7E6F5BE2 /* Sources */,
				6C027B64AE6D583328A0D982 /* Frameworks */,
				6C0279FF82C1728A37F76D3E /* Resources */,
			);
			buildRules = (
			);
			dependencies = (
			);
			name = ProjectPhotoPicker;
			productName = ProjectPhotoPicker;
			productReference = 6C0275FEF3653546FF5B8173 /* ProjectPhotoPicker.app */;
			productType = "com.apple.product-type.application";
		};
/* End PBXNativeTarget section */

/* Begin PBXProject section */
		6C02720AFCE35BDE7DDB7CE0 /* Project object */ = {
			isa = PBXProject;
			attributes = {
				ORGANIZATIONNAME = Liuqingwen;
			};
			buildConfigurationList = 6C027E219BA2995B60DB3F89 /* Build configuration list for PBXProject "ProjectPhotoPicker" */;
			compatibilityVersion = "Xcode 3.2";
			developmentRegion = English;
			hasScannedForEncodings = 0;
			knownRegions = (
				en,
			);
			mainGroup = 6C0275E683B001827EBA2469;
			productRefGroup = 6C0272FCF650D02BA42F7F1E /* Products */;
			projectDirPath = "";
			projectRoot = "";
			targets = (
				6C02781C24946C6267FC3BE4 /* ProjectPhotoPicker */,
			);
		};
/* End PBXProject section */

/* Begin PBXResourcesBuildPhase section */
		6C0279FF82C1728A37F76D3E /* Resources */ = {
			isa = PBXResourcesBuildPhase;
			buildActionMask = 2147483647;
			files = (
				6C0276AEDE3ACF08B73EAABA /* Assets.xcassets in Resources */,
				6C0273712AC3993D58E4EB42 /* LaunchScreen.storyboard in Resources */,
				6C0271ABE3EBD32FC4F3C5A3 /* Main.storyboard in Resources */,
			);
			runOnlyForDeploymentPostprocessing = 0;
		};
/* End PBXResourcesBuildPhase section */

/* Begin PBXSourcesBuildPhase section */
		6C027A58728F1B2B7E6F5BE2 /* Sources */ = {
			isa = PBXSourcesBuildPhase;
			buildActionMask = 2147483647;
			files = (
				6C0272921664D6FA3892D9FB /* AppDelegate.swift in Sources */,
				6C0271387EECC587AEE1FDE9 /* ViewController.swift in Sources */,
				6C027AAF0C496BED543ADB7E /* StaticTableViewController.swift in Sources */,
			);
			runOnlyForDeploymentPostprocessing = 0;
		};
/* End PBXSourcesBuildPhase section */

/* Begin PBXVariantGroup section */
		6C0270BF0FC6A34778D1E387 /* Main.storyboard */ = {
			isa = PBXVariantGroup;
			children = (
				6C0277D055F724A2FCB45DE2 /* Base */,
			);
			name = Main.storyboard;
			sourceTree = "<group>";
		};
		6C0278CF7BF429754956F9A6 /* LaunchScreen.storyboard */ = {
			isa = PBXVariantGroup;
			children = (
				6C0277D9202FE23869D99919 /* Base */,
			);
			name = LaunchScreen.storyboard;
			sourceTree = "<group>";
		};
/* End PBXVariantGroup section */

/* Begin XCBuildConfiguration section */
		6C02757528DD291EDD65DDAC /* Debug */ = {
			isa = XCBuildConfiguration;
			buildSettings = {
				ASSETCATALOG_COMPILER_APPICON_NAME = AppIcon;
				INFOPLIST_FILE = ProjectPhotoPicker/Info.plist;
				LD_RUNPATH_SEARCH_PATHS = "$(inherited) @executable_path/Frameworks";
				PRODUCT_BUNDLE_IDENTIFIER = me.liuqingwen.ProjectPhotoPicker;
				PRODUCT_NAME = "$(TARGET_NAME)";
				SWIFT_VERSION = 3.1;
			};
			name = Debug;
		};
		6C02758E9D86595A35AAE1D9 /* Release */ = {
			isa = XCBuildConfiguration;
			buildSettings = {
				ALWAYS_SEARCH_USER_PATHS = NO;
				CLANG_ANALYZER_NONNULL = YES;
				CLANG_ANALYZER_NUMBER_OBJECT_CONVERSION = YES_AGGRESSIVE;
				CLANG_CXX_LANGUAGE_STANDARD = "gnu++0x";
				CLANG_CXX_LIBRARY = "libc++";
				CLANG_ENABLE_MODULES = YES;
				CLANG_ENABLE_OBJC_ARC = YES;
				CLANG_WARN_BOOL_CONVERSION = YES;
				CLANG_WARN_CONSTANT_CONVERSION = YES;
				CLANG_WARN_DIRECT_OBJC_ISA_USAGE = YES_ERROR;
				CLANG_WARN_DOCUMENTATION_COMMENTS = YES;
				CLANG_WARN_EMPTY_BODY = YES;
				CLANG_WARN_ENUM_CONVERSION = YES;
				CLANG_WARN_INFINITE_RECURSION = YES;
				CLANG_WARN_INT_CONVERSION = YES;
				CLANG_WARN_OBJC_ROOT_CLASS = YES_ERROR;
				CLANG_WARN_SUSPICIOUS_MOVE = YES;
				CLANG_WARN_UNREACHABLE_CODE = YES;
				CLANG_WARN__DUPLICATE_METHOD_MATCH = YES;
				"CODE_SIGN_IDENTITY[sdk=iphoneos*]" = "iPhone Developer";
				COPY_PHASE_STRIP = NO;
				DEBUG_INFORMATION_FORMAT = "dwarf-with-dsym";
				ENABLE_NS_ASSERTIONS = NO;
				ENABLE_STRICT_OBJC_MSGSEND = YES;
				GCC_C_LANGUAGE_STANDARD = gnu99;
				GCC_NO_COMMON_BLOCKS = YES;
				GCC_WARN_64_TO_32_BIT_CONVERSION = YES;
				GCC_WARN_ABOUT_RETURN_TYPE = YES_ERROR;
				GCC_WARN_UNDECLARED_SELECTOR = YES;
				GCC_WARN_UNINITIALIZED_AUTOS = YES_AGGRESSIVE;
				GCC_WARN_UNUSED_FUNCTION = YES;
				GCC_WARN_UNUSED_VARIABLE = YES;
				IPHONEOS_DEPLOYMENT_TARGET = 10.3;
				MTL_ENABLE_DEBUG_INFO = NO;
				SDKROOT = iphoneos;
				SWIFT_OPTIMIZATION_LEVEL = "-Owholemodule";
				VALIDATE_PRODUCT = YES;
			};
			name = Release;
		};
		6C02759DD0CF917E63394B8C /* Release */ = {
			isa = XCBuildConfiguration;
			buildSettings = {
				ASSETCATALOG_COMPILER_APPICON_NAME = AppIcon;
				INFOPLIST_FILE = ProjectPhotoPicker/Info.plist;
				LD_RUNPATH_SEARCH_PATHS = "$(inherited) @executable_path/Frameworks";
				PRODUCT_BUNDLE_IDENTIFIER = me.liuqingwen.ProjectPhotoPicker;
				PRODUCT_NAME = "$(TARGET_NAME)";
				SWIFT_VERSION = 3.1;
			};
			name = Release;
		};
		6C027B15DAF7176620514713 /* Debug */ = {
			isa = XCBuildConfiguration;
			buildSettings = {
				ALWAYS_SEARCH_USER_PATHS = NO;
				CLANG_ANALYZER_NONNULL = YES;
				CLANG_ANALYZER_NUMBER_OBJECT_CONVERSION = YES_AGGRESSIVE;
				CLANG_CXX_LANGUAGE_STANDARD = "gnu++0x";
				CLANG_CXX_LIBRARY = "libc++";
				CLANG_ENABLE_MODULES = YES;
				CLANG_ENABLE_OBJC_ARC = YES;
				CLANG_WARN_BOOL_CONVERSION = YES;
				CLANG_WARN_CONSTANT_CONVERSION = YES;
				CLANG_WARN_DIRECT_OBJC_ISA_USAGE = YES_ERROR;
				CLANG_WARN_DOCUMENTATION_COMMENTS = YES;
				CLANG_WARN_EMPTY_BODY = YES;
				CLANG_WARN_ENUM_CONVERSION = YES;
				CLANG_WARN_INFINITE_RECURSION = YES;
				CLANG_WARN_INT_CONVERSION = YES;
				CLANG_WARN_OBJC_ROOT_CLASS = YES_ERROR;
				CLANG_WARN_SUSPICIOUS_MOVE = YES;
				CLANG_WARN_UNREACHABLE_CODE = YES;
				CLANG_WARN__DUPLICATE_METHOD_MATCH = YES;
				"CODE_SIGN_IDENTITY[sdk=iphoneos*]" = "iPhone Developer";
				COPY_PHASE_STRIP = NO;
				DEBUG_INFORMATION_FORMAT = dwarf;
				ENABLE_STRICT_OBJC_MSGSEND = YES;
				ENABLE_TESTABILITY = YES;
				GCC_C_LANGUAGE_STANDARD = gnu99;
				GCC_DYNAMIC_NO_PIC = NO;
				GCC_NO_COMMON_BLOCKS = YES;
				GCC_OPTIMIZATION_LEVEL = 0;
				GCC_PREPROCESSOR_DEFINITIONS = (
					"DEBUG=1",
					"$(inherited)",
				);
				GCC_WARN_64_TO_32_BIT_CONVERSION = YES;
				GCC_WARN_ABOUT_RETURN_TYPE = YES_ERROR;
				GCC_WARN_UNDECLARED_SELECTOR = YES;
				GCC_WARN_UNINITIALIZED_AUTOS = YES_AGGRESSIVE;
				GCC_WARN_UNUSED_FUNCTION = YES;
				GCC_WARN_UNUSED_VARIABLE = YES;
				IPHONEOS_DEPLOYMENT_TARGET = 10.3;
				MTL_ENABLE_DEBUG_INFO = YES;
				ONLY_ACTIVE_ARCH = YES;
				SDKROOT = iphoneos;
				SWIFT_ACTIVE_COMPILATION_CONDITIONS = DEBUG;
				SWIFT_OPTIMIZATION_LEVEL = "-Onone";
			};
			name = Debug;
		};
/* End XCBuildConfiguration section */

/* Begin XCConfigurationList section */
		6C027895095286C6BFC05CC9 /* Build configuration list for PBXNativeTarget "ProjectPhotoPicker" */ = {
			isa = XCConfigurationList;
			buildConfigurations = (
				6C02757528DD291EDD65DDAC /* Debug */,
				6C02759DD0CF917E63394B8C /* Release */,
			);
			defaultConfigurationIsVisible = 0;
			defaultConfigurationName = Release;
		};
		6C027E219BA2995B60DB3F89 /* Build configuration list for PBXProject "ProjectPhotoPicker" */ = {
			isa = XCConfigurationList;
			buildConfigurations = (
				6C027B15DAF7176620514713 /* Debug */,
				6C02758E9D86595A35AAE1D9 /* Release */,
			);
			defaultConfigurationIsVisible = 0;
			defaultConfigurationName = Release;
		};
/* End XCConfigurationList section */
	};
	rootObject = 6C02720AFCE35BDE7DDB7CE0 /* Project object */;
}
