// !$*UTF8*$!
{
	archiveVersion = 1;
	classes = {
	};
	objectVersion = 46;
	objects = {

/* Begin PBXBuildFile section */
		6C0271F0A850948DEAC628D7 /* LaunchScreen.storyboard in Resources */ = {isa = PBXBuildFile; fileRef = 6C027C8083DE01C6759F880D /* LaunchScreen.storyboard */; };
		6C027A6E0F50FB558BAAD89E /* AppDelegate.swift in Sources */ = {isa = PBXBuildFile; fileRef = 6C0274B629FD76FE3F4E9D5A /* AppDelegate.swift */; };
		6C027E058313EAF5E5805CEE /* ViewController.swift in Sources */ = {isa = PBXBuildFile; fileRef = 6C02749885D2C2228A88BDBD /* ViewController.swift */; };
		6C027E5F563A70C466AD546E /* Assets.xcassets in Resources */ = {isa = PBXBuildFile; fileRef = 6C027B23592E5EB64D51B2AD /* Assets.xcassets */; };
		6C027F2D9AFFB6C17236C27B /* Main.storyboard in Resources */ = {isa = PBXBuildFile; fileRef = 6C0270647BAF75909A3CDA12 /* Main.storyboard */; };
/* End PBXBuildFile section */

/* Begin PBXFileReference section */
		6C0274551AC5D356925D1FBA /* Base */ = {isa = PBXFileReference; lastKnownFileType = file.storyboard; name = Base; path = Base.lproj/LaunchScreen.storyboard; sourceTree = "<group>"; };
		6C02749885D2C2228A88BDBD /* ViewController.swift */ = {isa = PBXFileReference; lastKnownFileType = sourcecode.swift; path = ViewController.swift; sourceTree = "<group>"; };
		6C0274B629FD76FE3F4E9D5A /* AppDelegate.swift */ = {isa = PBXFileReference; lastKnownFileType = sourcecode.swift; path = AppDelegate.swift; sourceTree = "<group>"; };
		6C027B23592E5EB64D51B2AD /* Assets.xcassets */ = {isa = PBXFileReference; lastKnownFileType = folder.assetcatalog; path = Assets.xcassets; sourceTree = "<group>"; };
		6C027B4BA62CA05FE503D516 /* Info.plist */ = {isa = PBXFileReference; lastKnownFileType = text.plist.info; path = Info.plist; sourceTree = "<group>"; };
		6C027C8318453FA08D49E520 /* ProjectSimpleImageViewer.app */ = {isa = PBXFileReference; explicitFileType = wrapper.application; includeInIndex = 0; path = ProjectSimpleImageViewer.app; sourceTree = BUILT_PRODUCTS_DIR; };
		6C027E67EB3FFCF7381D6FAD /* Base */ = {isa = PBXFileReference; lastKnownFileType = file.storyboard; name = Base; path = Base.lproj/Main.storyboard; sourceTree = "<group>"; };
/* End PBXFileReference section */

/* Begin PBXFrameworksBuildPhase section */
		6C027C92F26B27E0DCC5A6EC /* Frameworks */ = {
			isa = PBXFrameworksBuildPhase;
			buildActionMask = 2147483647;
			files = (
			);
			runOnlyForDeploymentPostprocessing = 0;
		};
/* End PBXFrameworksBuildPhase section */

/* Begin PBXGroup section */
		6C0270CD732F250FFE4455FA /* ProjectSimpleImageViewer */ = {
			isa = PBXGroup;
			children = (
				6C027B4BA62CA05FE503D516 /* Info.plist */,
				6C027B23592E5EB64D51B2AD /* Assets.xcassets */,
				6C027C8083DE01C6759F880D /* LaunchScreen.storyboard */,
				6C0274B629FD76FE3F4E9D5A /* AppDelegate.swift */,
				6C0270647BAF75909A3CDA12 /* Main.storyboard */,
				6C02749885D2C2228A88BDBD /* ViewController.swift */,
			);
			path = ProjectSimpleImageViewer;
			sourceTree = "<group>";
		};
		6C027A0F443140971C7184F3 /* Products */ = {
			isa = PBXGroup;
			children = (
				6C027C8318453FA08D49E520 /* ProjectSimpleImageViewer.app */,
			);
			name = Products;
			sourceTree = "<group>";
		};
		6C027CE1C232FB3451B47CE3 = {
			isa = PBXGroup;
			children = (
				6C027A0F443140971C7184F3 /* Products */,
				6C0270CD732F250FFE4455FA /* ProjectSimpleImageViewer */,
			);
			sourceTree = "<group>";
		};
/* End PBXGroup section */

/* Begin PBXNativeTarget section */
		6C027D4576113FA752DB778F /* ProjectSimpleImageViewer */ = {
			isa = PBXNativeTarget;
			buildConfigurationList = 6C02794495C606AAB82CA9CC /* Build configuration list for PBXNativeTarget "ProjectSimpleImageViewer" */;
			buildPhases = (
				6C0279696D78B9E7823FFCC9 /* Sources */,
				6C027C92F26B27E0DCC5A6EC /* Frameworks */,
				6C0274C13B6030106FBA2583 /* Resources */,
			);
			buildRules = (
			);
			dependencies = (
			);
			name = ProjectSimpleImageViewer;
			productName = ProjectSimpleImageViewer;
			productReference = 6C027C8318453FA08D49E520 /* ProjectSimpleImageViewer.app */;
			productType = "com.apple.product-type.application";
		};
/* End PBXNativeTarget section */

/* Begin PBXProject section */
		6C027859B3103A2A2AAEEF4D /* Project object */ = {
			isa = PBXProject;
			attributes = {
				ORGANIZATIONNAME = Liuqingwen;
			};
			buildConfigurationList = 6C0277A51D103913AB6632AA /* Build configuration list for PBXProject "ProjectSimpleImageViewer" */;
			compatibilityVersion = "Xcode 3.2";
			developmentRegion = English;
			hasScannedForEncodings = 0;
			knownRegions = (
				en,
			);
			mainGroup = 6C027CE1C232FB3451B47CE3;
			productRefGroup = 6C027A0F443140971C7184F3 /* Products */;
			projectDirPath = "";
			projectRoot = "";
			targets = (
				6C027D4576113FA752DB778F /* ProjectSimpleImageViewer */,
			);
		};
/* End PBXProject section */

/* Begin PBXResourcesBuildPhase section */
		6C0274C13B6030106FBA2583 /* Resources */ = {
			isa = PBXResourcesBuildPhase;
			buildActionMask = 2147483647;
			files = (
				6C027E5F563A70C466AD546E /* Assets.xcassets in Resources */,
				6C0271F0A850948DEAC628D7 /* LaunchScreen.storyboard in Resources */,
				6C027F2D9AFFB6C17236C27B /* Main.storyboard in Resources */,
			);
			runOnlyForDeploymentPostprocessing = 0;
		};
/* End PBXResourcesBuildPhase section */

/* Begin PBXSourcesBuildPhase section */
		6C0279696D78B9E7823FFCC9 /* Sources */ = {
			isa = PBXSourcesBuildPhase;
			buildActionMask = 2147483647;
			files = (
				6C027A6E0F50FB558BAAD89E /* AppDelegate.swift in Sources */,
				6C027E058313EAF5E5805CEE /* ViewController.swift in Sources */,
			);
			runOnlyForDeploymentPostprocessing = 0;
		};
/* End PBXSourcesBuildPhase section */

/* Begin PBXVariantGroup section */
		6C0270647BAF75909A3CDA12 /* Main.storyboard */ = {
			isa = PBXVariantGroup;
			children = (
				6C027E67EB3FFCF7381D6FAD /* Base */,
			);
			name = Main.storyboard;
			sourceTree = "<group>";
		};
		6C027C8083DE01C6759F880D /* LaunchScreen.storyboard */ = {
			isa = PBXVariantGroup;
			children = (
				6C0274551AC5D356925D1FBA /* Base */,
			);
			name = LaunchScreen.storyboard;
			sourceTree = "<group>";
		};
/* End PBXVariantGroup section */

/* Begin XCBuildConfiguration section */
		6C027104F4D2EE1FC1AADCBB /* Release */ = {
			isa = XCBuildConfiguration;
			buildSettings = {
				ASSETCATALOG_COMPILER_APPICON_NAME = AppIcon;
				INFOPLIST_FILE = ProjectSimpleImageViewer/Info.plist;
				LD_RUNPATH_SEARCH_PATHS = "$(inherited) @executable_path/Frameworks";
				PRODUCT_BUNDLE_IDENTIFIER = me.liuqingwen.ProjectSimpleImageViewer;
				PRODUCT_NAME = "$(TARGET_NAME)";
				SWIFT_VERSION = 4.0;
				TARGETED_DEVICE_FAMILY = "1,2";
			};
			name = Release;
		};
		6C027168F2B4676FBF417B5F /* Release */ = {
			isa = XCBuildConfiguration;
			buildSettings = {
				ALWAYS_SEARCH_USER_PATHS = NO;
				CLANG_ANALYZER_NONNULL = YES;
				CLANG_ANALYZER_NUMBER_OBJECT_CONVERSION = YES_AGGRESSIVE;
				CLANG_CXX_LANGUAGE_STANDARD = "gnu++14";
				CLANG_CXX_LIBRARY = "libc++";
				CLANG_ENABLE_MODULES = YES;
				CLANG_ENABLE_OBJC_ARC = YES;
				CLANG_WARN_BLOCK_CAPTURE_AUTORELEASING = YES;
				CLANG_WARN_BOOL_CONVERSION = YES;
				CLANG_WARN_COMMA = YES;
				CLANG_WARN_CONSTANT_CONVERSION = YES;
				CLANG_WARN_DIRECT_OBJC_ISA_USAGE = YES_ERROR;
				CLANG_WARN_DOCUMENTATION_COMMENTS = YES;
				CLANG_WARN_EMPTY_BODY = YES;
				CLANG_WARN_ENUM_CONVERSION = YES;
				CLANG_WARN_INFINITE_RECURSION = YES;
				CLANG_WARN_INT_CONVERSION = YES;
				CLANG_WARN_NON_LITERAL_NULL_CONVERSION = YES;
				CLANG_WARN_OBJC_LITERAL_CONVERSION = YES;
				CLANG_WARN_OBJC_ROOT_CLASS = YES_ERROR;
				CLANG_WARN_RANGE_LOOP_ANALYSIS = YES;
				CLANG_WARN_STRICT_PROTOTYPES = YES;
				CLANG_WARN_SUSPICIOUS_MOVE = YES;
				CLANG_WARN_UNGUARDED_AVAILABILITY = YES_AGGRESSIVE;
				CLANG_WARN_UNREACHABLE_CODE = YES;
				CLANG_WARN__DUPLICATE_METHOD_MATCH = YES;
				CODE_SIGN_IDENTITY = "iPhone Developer";
				COPY_PHASE_STRIP = NO;
				DEBUG_INFORMATION_FORMAT = "dwarf-with-dsym";
				ENABLE_NS_ASSERTIONS = NO;
				ENABLE_STRICT_OBJC_MSGSEND = YES;
				GCC_C_LANGUAGE_STANDARD = gnu11;
				GCC_NO_COMMON_BLOCKS = YES;
				GCC_WARN_64_TO_32_BIT_CONVERSION = YES;
				GCC_WARN_ABOUT_RETURN_TYPE = YES_ERROR;
				GCC_WARN_UNDECLARED_SELECTOR = YES;
				GCC_WARN_UNINITIALIZED_AUTOS = YES_AGGRESSIVE;
				GCC_WARN_UNUSED_FUNCTION = YES;
				GCC_WARN_UNUSED_VARIABLE = YES;
				IPHONEOS_DEPLOYMENT_TARGET = 11.2;
				MTL_ENABLE_DEBUG_INFO = NO;
				SDKROOT = iphoneos;
				SWIFT_OPTIMIZATION_LEVEL = "-Owholemodule";
				VALIDATE_PRODUCT = YES;
			};
			name = Release;
		};
		6C027988D6435A1FBEA783CE /* Debug */ = {
			isa = XCBuildConfiguration;
			buildSettings = {
				ALWAYS_SEARCH_USER_PATHS = NO;
				CLANG_ANALYZER_NONNULL = YES;
				CLANG_ANALYZER_NUMBER_OBJECT_CONVERSION = YES_AGGRESSIVE;
				CLANG_CXX_LANGUAGE_STANDARD = "gnu++14";
				CLANG_CXX_LIBRARY = "libc++";
				CLANG_ENABLE_MODULES = YES;
				CLANG_ENABLE_OBJC_ARC = YES;
				CLANG_WARN_BLOCK_CAPTURE_AUTORELEASING = YES;
				CLANG_WARN_BOOL_CONVERSION = YES;
				CLANG_WARN_COMMA = YES;
				CLANG_WARN_CONSTANT_CONVERSION = YES;
				CLANG_WARN_DIRECT_OBJC_ISA_USAGE = YES_ERROR;
				CLANG_WARN_DOCUMENTATION_COMMENTS = YES;
				CLANG_WARN_EMPTY_BODY = YES;
				CLANG_WARN_ENUM_CONVERSION = YES;
				CLANG_WARN_INFINITE_RECURSION = YES;
				CLANG_WARN_INT_CONVERSION = YES;
				CLANG_WARN_NON_LITERAL_NULL_CONVERSION = YES;
				CLANG_WARN_OBJC_LITERAL_CONVERSION = YES;
				CLANG_WARN_OBJC_ROOT_CLASS = YES_ERROR;
				CLANG_WARN_RANGE_LOOP_ANALYSIS = YES;
				CLANG_WARN_STRICT_PROTOTYPES = YES;
				CLANG_WARN_SUSPICIOUS_MOVE = YES;
				CLANG_WARN_UNGUARDED_AVAILABILITY = YES_AGGRESSIVE;
				CLANG_WARN_UNREACHABLE_CODE = YES;
				CLANG_WARN__DUPLICATE_METHOD_MATCH = YES;
				CODE_SIGN_IDENTITY = "iPhone Developer";
				COPY_PHASE_STRIP = NO;
				DEBUG_INFORMATION_FORMAT = dwarf;
				ENABLE_STRICT_OBJC_MSGSEND = YES;
				ENABLE_TESTABILITY = YES;
				GCC_C_LANGUAGE_STANDARD = gnu11;
				GCC_DYNAMIC_NO_PIC = NO;
				GCC_NO_COMMON_BLOCKS = YES;
				GCC_OPTIMIZATION_LEVEL = 0;
				GCC_PREPROCESSOR_DEFINITIONS = (
					"DEBUG=1",
					"$(inherited)",
				);
				GCC_WARN_64_TO_32_BIT_CONVERSION = YES;
				GCC_WARN_ABOUT_RETURN_TYPE = YES_ERROR;
				GCC_WARN_UNDECLARED_SELECTOR = YES;
				GCC_WARN_UNINITIALIZED_AUTOS = YES_AGGRESSIVE;
				GCC_WARN_UNUSED_FUNCTION = YES;
				GCC_WARN_UNUSED_VARIABLE = YES;
				IPHONEOS_DEPLOYMENT_TARGET = 11.2;
				MTL_ENABLE_DEBUG_INFO = YES;
				ONLY_ACTIVE_ARCH = YES;
				SDKROOT = iphoneos;
				SWIFT_ACTIVE_COMPILATION_CONDITIONS = DEBUG;
				SWIFT_OPTIMIZATION_LEVEL = "-Onone";
			};
			name = Debug;
		};
		6C027AB4B2F97A69CFF63EA3 /* Debug */ = {
			isa = XCBuildConfiguration;
			buildSettings = {
				ASSETCATALOG_COMPILER_APPICON_NAME = AppIcon;
				INFOPLIST_FILE = ProjectSimpleImageViewer/Info.plist;
				LD_RUNPATH_SEARCH_PATHS = "$(inherited) @executable_path/Frameworks";
				PRODUCT_BUNDLE_IDENTIFIER = me.liuqingwen.ProjectSimpleImageViewer;
				PRODUCT_NAME = "$(TARGET_NAME)";
				SWIFT_VERSION = 4.0;
				TARGETED_DEVICE_FAMILY = "1,2";
			};
			name = Debug;
		};
/* End XCBuildConfiguration section */

/* Begin XCConfigurationList section */
		6C0277A51D103913AB6632AA /* Build configuration list for PBXProject "ProjectSimpleImageViewer" */ = {
			isa = XCConfigurationList;
			buildConfigurations = (
				6C027988D6435A1FBEA783CE /* Debug */,
				6C027168F2B4676FBF417B5F /* Release */,
			);
			defaultConfigurationIsVisible = 0;
			defaultConfigurationName = Release;
		};
		6C02794495C606AAB82CA9CC /* Build configuration list for PBXNativeTarget "ProjectSimpleImageViewer" */ = {
			isa = XCConfigurationList;
			buildConfigurations = (
				6C027AB4B2F97A69CFF63EA3 /* Debug */,
				6C027104F4D2EE1FC1AADCBB /* Release */,
			);
			defaultConfigurationIsVisible = 0;
			defaultConfigurationName = Release;
		};
/* End XCConfigurationList section */
	};
	rootObject = 6C027859B3103A2A2AAEEF4D /* Project object */;
}
